version = 1
revision = 3
requires-python = ">=3.13"

[[package]]
name = "ae-leanos"
version = "0.1.0"
source = { virtual = "." }
dependencies = [
    { name = "kconfiglib" },
    { name = "networkx" },
    { name = "python-sat" },
    { name = "tuxmake" },
]

[package.metadata]
requires-dist = [
    { name = "kconfiglib", specifier = ">=14.1.0" },
    { name = "networkx", specifier = ">=3.5" },
    { name = "python-sat", specifier = ">=1.8.dev20" },
    { name = "tuxmake", specifier = ">=1.33.1" },
]

[[package]]
name = "kconfiglib"
version = "14.1.0"
source = { registry = "https://pypi.org/simple" }
sdist = { url = "https://files.pythonhosted.org/packages/59/29/d557718c84ef1a8f275faa4caf8e353778121beefbe9fadfa0055ca99aae/kconfiglib-14.1.0.tar.gz", hash = "sha256:bed2cc2216f538eca4255a83a4588d8823563cdd50114f86cf1a2674e602c93c", size = 162613, upload-time = "2020-01-31T06:40:50.563Z" }
wheels = [
    { url = "https://files.pythonhosted.org/packages/8a/f1/d98a89231e779b079b977590efcc31249d959c8f1d4b5858cad69695ff9c/kconfiglib-14.1.0-py2.py3-none-any.whl", hash = "sha256:edcd35a20e7e138a9a9e96149027f805f785e818d2eae400b6fa8b0c8845114a", size = 145875, upload-time = "2020-01-31T06:40:47.252Z" },
]

[[package]]
name = "networkx"
version = "3.5"
source = { registry = "https://pypi.org/simple" }
sdist = { url = "https://files.pythonhosted.org/packages/6c/4f/ccdb8ad3a38e583f214547fd2f7ff1fc160c43a75af88e6aec213404b96a/networkx-3.5.tar.gz", hash = "sha256:d4c6f9cf81f52d69230866796b82afbccdec3db7ae4fbd1b65ea750feed50037", size = 2471065, upload-time = "2025-05-29T11:35:07.804Z" }
wheels = [
    { url = "https://files.pythonhosted.org/packages/eb/8d/776adee7bbf76365fdd7f2552710282c79a4ead5d2a46408c9043a2b70ba/networkx-3.5-py3-none-any.whl", hash = "sha256:0030d386a9a06dee3565298b4a734b68589749a544acbb6c412dc9e2489ec6ec", size = 2034406, upload-time = "2025-05-29T11:35:04.961Z" },
]

[[package]]
name = "python-sat"
version = "1.8.dev20"
source = { registry = "https://pypi.org/simple" }
dependencies = [
    { name = "six" },
]
sdist = { url = "https://files.pythonhosted.org/packages/2e/5a/6dda876bdaa002b17b9afa68e8739ca1b108cf74b0249de2cbff4f3721e0/python_sat-1.8.dev20.tar.gz", hash = "sha256:f2e522e83b4f561ffcec4592813b46abb52102cf86970f0a0113e42b7ba478c8", size = 5693455, upload-time = "2025-08-26T04:02:51.752Z" }
wheels = [
    { url = "https://files.pythonhosted.org/packages/90/a5/88a096cc47554cddbb13e4d8dbb162ad68f26c28d7993a5bdedb5280e5a3/python_sat-1.8.dev20-cp313-cp313-macosx_15_0_arm64.whl", hash = "sha256:85e449081d6b2c3439649bff17a73fcad2b10cb0ae7e924fcaba9bcbb804d53c", size = 1595866, upload-time = "2025-08-26T04:02:29.896Z" },
    { url = "https://files.pythonhosted.org/packages/da/bb/34f26efdaf9cc550acc032f4615f236e6da409500fc8f52ade69339b3c5b/python_sat-1.8.dev20-cp313-cp313-manylinux2014_aarch64.manylinux_2_17_aarch64.manylinux_2_28_aarch64.whl", hash = "sha256:a0268aa6e7665846ce3769755b4b669b2d917a52a1e3ca9c583929d1f8c573ed", size = 2679322, upload-time = "2025-08-26T23:32:37.114Z" },
    { url = "https://files.pythonhosted.org/packages/d6/a5/04087274ee0f2a5c720b9adc46d8218de111daed82155b08a136a9a994e5/python_sat-1.8.dev20-cp313-cp313-manylinux2014_aarch64.manylinux_2_17_aarch64.manylinux_2_34_aarch64.whl", hash = "sha256:5c588ecbfa4cbb25b8fa83e367cfabce7329ff10b79f26c164bfe4d89afcb00f", size = 2679321, upload-time = "2025-08-26T23:32:39.576Z" },
    { url = "https://files.pythonhosted.org/packages/db/6e/5728690d3a3ae1a4a2c482cb085ebf6b62a1156055fa66c284cec53db68e/python_sat-1.8.dev20-cp313-cp313-manylinux2014_aarch64.manylinux_2_17_aarch64.manylinux_2_39_aarch64.whl", hash = "sha256:6ad9996cc58f016071c8f22e5ef5dcde3e3adaf1504d864ca064c72f71f7ca61", size = 2741740, upload-time = "2025-08-26T23:32:41.893Z" },
    { url = "https://files.pythonhosted.org/packages/67/28/7b44e0df17fcd7db0524f30fc79abda23d7cc6c94b09c20e4934808fa288/python_sat-1.8.dev20-cp313-cp313-manylinux2014_aarch64.manylinux_2_17_aarch64.whl", hash = "sha256:a40c69f325efcd366d3cae16ee9ec1ee07bb47ceb23cc4d7cfcb64961760229c", size = 2679316, upload-time = "2025-08-26T23:32:44.759Z" },
    { url = "https://files.pythonhosted.org/packages/f0/fb/3aa874b3563cc5b58e2eed6e4c9f88ff9502c06fc337cfed7837c5d15c27/python_sat-1.8.dev20-cp313-cp313-manylinux2014_i686.manylinux_2_17_i686.whl", hash = "sha256:9e0d9e93661bfa6870faa14b6ad42faac720a749ca2ff4e35ac28c421d9de521", size = 2822541, upload-time = "2025-08-26T23:32:47.084Z" },
    { url = "https://files.pythonhosted.org/packages/6a/ae/91cbe9a018ecfc0ae4f64ac9fdf137610886b5a52f4bd7001f5940d5766a/python_sat-1.8.dev20-cp313-cp313-manylinux2014_x86_64.manylinux_2_17_x86_64.manylinux_2_28_x86_64.whl", hash = "sha256:f8d6f2a0a002ecc1245e339c0cc98ae804d1f3864ab709ac020cf47cffb9cec8", size = 2772730, upload-time = "2025-08-26T23:32:49.666Z" },
    { url = "https://files.pythonhosted.org/packages/e6/14/e2e4304c6564720415e3e872ab5facbbd1de0f34cdc239d7a574cfa8a3e6/python_sat-1.8.dev20-cp313-cp313-manylinux2014_x86_64.manylinux_2_17_x86_64.manylinux_2_34_x86_64.whl", hash = "sha256:0055eaf5bf5c07800336229e343bd531f56db35748847cf2ab97e5b690dfd7e6", size = 2772729, upload-time = "2025-08-26T23:32:52.178Z" },
    { url = "https://files.pythonhosted.org/packages/11/2b/1efb74ab3ccd6b9a3038fb02aaf71c401238bc7d12b40b419d0c1ae1a067/python_sat-1.8.dev20-cp313-cp313-manylinux2014_x86_64.manylinux_2_17_x86_64.whl", hash = "sha256:c82f6a30dae7a2d568ac5cf4f6c89d190d425bf890cab446fee0a93d60451220", size = 2772725, upload-time = "2025-08-26T23:32:55.104Z" },
    { url = "https://files.pythonhosted.org/packages/16/e1/6c46449bf3bf119922ae9971abe307df76f4ad657c5e49065079292f37dc/python_sat-1.8.dev20-cp313-cp313-win_amd64.whl", hash = "sha256:456dd409c8383e6f2b3b3131483fa0316a4960ed017d30235f45fd21b9cd10fb", size = 1319971, upload-time = "2025-08-26T04:02:33.521Z" },
    { url = "https://files.pythonhosted.org/packages/cd/5c/00193febb25b2ac36f19eee05eda9573e18ff725831286f425799cc9392d/python_sat-1.8.dev20-cp313-cp313t-manylinux2014_aarch64.manylinux_2_17_aarch64.manylinux_2_28_aarch64.whl", hash = "sha256:ee13be423dde6648a35d2b4f365054aa679dd0ef16792003b4c24f6a95f4f5eb", size = 2705577, upload-time = "2025-08-26T23:32:58.293Z" },
    { url = "https://files.pythonhosted.org/packages/c2/7e/ddf562cdfd1d4fb6629ba801caf916ab6afcc0d8cd1790f34a2a1c91ad24/python_sat-1.8.dev20-cp313-cp313t-manylinux2014_aarch64.manylinux_2_17_aarch64.manylinux_2_34_aarch64.whl", hash = "sha256:bbc1fb20bb1a85d146a428b7337aff8886bff7116e3f6e8957ea91b3cea4e987", size = 2705576, upload-time = "2025-08-26T23:33:00.654Z" },
    { url = "https://files.pythonhosted.org/packages/6b/27/c4d32d9d6745efd92b6187d67a6c39acd455011f9f98c558e37a39b5fe74/python_sat-1.8.dev20-cp313-cp313t-manylinux2014_aarch64.manylinux_2_17_aarch64.manylinux_2_39_aarch64.whl", hash = "sha256:2ed3e5d9f4b18e90e29f849e3e7eebec91906941347332ab784b7fc858b602a2", size = 2765784, upload-time = "2025-08-26T23:33:02.901Z" },
    { url = "https://files.pythonhosted.org/packages/84/49/92b2473a0998f3788aaf310c55ff2bea3c963ebb10d455fac7910c5cc9da/python_sat-1.8.dev20-cp313-cp313t-manylinux2014_aarch64.manylinux_2_17_aarch64.whl", hash = "sha256:fce2db936aafc35bc9b7ef8359bf092dfab76d08e8fe4afe6b602cd0f0f28366", size = 2705570, upload-time = "2025-08-26T23:33:07.449Z" },
    { url = "https://files.pythonhosted.org/packages/f5/d9/220727a2b3e97397f412caa5b155be0e793233bc9d57dcc77d7cca14844e/python_sat-1.8.dev20-cp313-cp313t-manylinux2014_i686.manylinux_2_17_i686.whl", hash = "sha256:973358c7c564ad252ee55b7b0c632d07576fe68dd7264b2a6e444dbd5d58305e", size = 2845052, upload-time = "2025-08-26T23:33:09.728Z" },
    { url = "https://files.pythonhosted.org/packages/e8/34/7e227d5fb2183846ebcc028cb15c54dfb63aa7fa83b4250c1812efc2623d/python_sat-1.8.dev20-cp313-cp313t-manylinux2014_x86_64.manylinux_2_17_x86_64.manylinux_2_28_x86_64.whl", hash = "sha256:c2426c483300171be4882f102640379e5c5bb2f20927d861d0c28893e23e61ab", size = 2796062, upload-time = "2025-08-26T23:33:11.984Z" },
    { url = "https://files.pythonhosted.org/packages/0c/30/85e3fb9b8ae1c33215275c5a3e71df23bfa0a1c1ea212363ee949f698820/python_sat-1.8.dev20-cp313-cp313t-manylinux2014_x86_64.manylinux_2_17_x86_64.manylinux_2_34_x86_64.whl", hash = "sha256:86762616b6b618526de8764b5fdc80deb9c8ea9250791448fa9bd1d42a72c8a9", size = 2796060, upload-time = "2025-08-26T23:33:14.548Z" },
    { url = "https://files.pythonhosted.org/packages/47/73/7298eb021ae1a4c7dc4960501ffa18bb45ac529a525fef42c1f36f854a1a/python_sat-1.8.dev20-cp313-cp313t-manylinux2014_x86_64.manylinux_2_17_x86_64.whl", hash = "sha256:b23126eda73f863e6b6b50069c738485fc613a82286f9fbe71e604677de8c6f4", size = 2796055, upload-time = "2025-08-26T23:33:16.869Z" },
    { url = "https://files.pythonhosted.org/packages/90/2d/4a14aefa601c64d0e22e6d1d8f633e06e224f35c1307e410a33d43213233/python_sat-1.8.dev20-cp314-cp314-manylinux2014_aarch64.manylinux_2_17_aarch64.manylinux_2_28_aarch64.whl", hash = "sha256:aa582768e600129e0410a465984046f80d6dd1718d7c69d3de18dd2eeee3ba9d", size = 2679658, upload-time = "2025-08-26T23:33:19.986Z" },
    { url = "https://files.pythonhosted.org/packages/02/f8/996f24f7c3dcffe3aea252b2f42600fca3b09231ff9ea1014abd1f88ef3b/python_sat-1.8.dev20-cp314-cp314-manylinux2014_aarch64.manylinux_2_17_aarch64.manylinux_2_34_aarch64.whl", hash = "sha256:afb3631a15aa58b07562b011b8c7bf92d84ba4e9083a3b00e8da6e7967701877", size = 2679657, upload-time = "2025-08-26T23:33:22.282Z" },
    { url = "https://files.pythonhosted.org/packages/3e/26/15cc68c632fb113b3e31c6efcafb3cafe45a0b51ba17fe3d2428872a312d/python_sat-1.8.dev20-cp314-cp314-manylinux2014_aarch64.manylinux_2_17_aarch64.manylinux_2_39_aarch64.whl", hash = "sha256:c113b173373ad24976f5dce8f6f20701717b80df772992df508e5cf18564180d", size = 2741951, upload-time = "2025-08-26T23:33:24.647Z" },
    { url = "https://files.pythonhosted.org/packages/74/af/6af496709b987c3b6e74d12bad9765bd7e8d65d65f0fca0d19f52fa63a7a/python_sat-1.8.dev20-cp314-cp314-manylinux2014_aarch64.manylinux_2_17_aarch64.whl", hash = "sha256:fed88266a0b7d2a4b3f447477ced534b3c4d92ee54dd56aa0b0edbe260d47dea", size = 2679651, upload-time = "2025-08-26T23:33:27.545Z" },
    { url = "https://files.pythonhosted.org/packages/64/b7/afa6ab3d132823eaf5441bed4d9194ab0c35e27b633e3a6723df6642aae7/python_sat-1.8.dev20-cp314-cp314-manylinux2014_i686.manylinux_2_17_i686.whl", hash = "sha256:1d17adffffcb01e9fdc2edff893d761fd9b0536e56480a762bd4494744c8b8e7", size = 2826844, upload-time = "2025-08-26T23:33:30.153Z" },
    { url = "https://files.pythonhosted.org/packages/a0/04/17f4ad8d71c70049ad32e037efc60dd7533dab66968587f543b7e551cd95/python_sat-1.8.dev20-cp314-cp314-manylinux2014_x86_64.manylinux_2_17_x86_64.manylinux_2_28_x86_64.whl", hash = "sha256:1533eb9d406af44891b1a4b7eca7c766777419fdc86800be5bce007ead4d6a91", size = 2772958, upload-time = "2025-08-26T23:33:32.839Z" },
    { url = "https://files.pythonhosted.org/packages/19/65/7c6e69d75cf55b0ce68e8aa29f1e401e990740c8bf6cb208618ded621607/python_sat-1.8.dev20-cp314-cp314-manylinux2014_x86_64.manylinux_2_17_x86_64.manylinux_2_34_x86_64.whl", hash = "sha256:d6d311d427e87c1a5b28eaba3c70211c576a998757727c8e0ee511765d417803", size = 2772959, upload-time = "2025-08-26T23:33:35.27Z" },
    { url = "https://files.pythonhosted.org/packages/35/55/edc69206b14ef61a32003884df9cdf73b63071a3141edb079166f842b2b1/python_sat-1.8.dev20-cp314-cp314-manylinux2014_x86_64.manylinux_2_17_x86_64.whl", hash = "sha256:24a26019d2cfb9c6c850995e057e3d2bf32e57aa782e55a2eef493d52ab9992a", size = 2772954, upload-time = "2025-08-26T23:33:37.728Z" },
    { url = "https://files.pythonhosted.org/packages/df/54/ab76365d3a375a515a20d8458b922e50e1ee9936b0c09489073cc4a77d86/python_sat-1.8.dev20-cp314-cp314t-manylinux2014_aarch64.manylinux_2_17_aarch64.manylinux_2_28_aarch64.whl", hash = "sha256:216dd8d896f371c0a4b0e1626665392b20154fd655d54b38a1157ce6d0d3772d", size = 2705665, upload-time = "2025-08-26T23:33:40.112Z" },
    { url = "https://files.pythonhosted.org/packages/3d/66/ce0b4d97a57c636606e1260abf860ed4d241559c0e9810f73966b442dda7/python_sat-1.8.dev20-cp314-cp314t-manylinux2014_aarch64.manylinux_2_17_aarch64.manylinux_2_34_aarch64.whl", hash = "sha256:74bcb082a5d813af6a8ffebd1c04e1d089b9e39ab44a6de09318a722fe7b8249", size = 2705662, upload-time = "2025-08-26T23:33:42.732Z" },
    { url = "https://files.pythonhosted.org/packages/b9/86/8f104364c810137817c08f5911710399f67bb92bc5f38dc01eb869595958/python_sat-1.8.dev20-cp314-cp314t-manylinux2014_aarch64.manylinux_2_17_aarch64.manylinux_2_39_aarch64.whl", hash = "sha256:992a30fde5225dfa6f233e4148563bfa576bb5c2e59e43a17fb14229a3aa04e7", size = 2765900, upload-time = "2025-08-26T23:33:47.808Z" },
    { url = "https://files.pythonhosted.org/packages/1e/8e/c96ecc9e0efc2662d4117716f535219789bf6e68af6ad7b3627cd6daf2cd/python_sat-1.8.dev20-cp314-cp314t-manylinux2014_aarch64.manylinux_2_17_aarch64.whl", hash = "sha256:7d26963d38fb3205ad2aa264802a6eae950d5413df468734e0809a5b0c25237d", size = 2705655, upload-time = "2025-08-26T23:33:50.24Z" },
    { url = "https://files.pythonhosted.org/packages/6c/5e/93d790f13d6c14eb9bee3c95555a9dcaefee93fac904658e452a668ad3af/python_sat-1.8.dev20-cp314-cp314t-manylinux2014_i686.manylinux_2_17_i686.whl", hash = "sha256:fa442a6fe919d3cdec6a04d22e3b2e81d9b26c3a1e061d1ca4ffe863877b9e32", size = 2845215, upload-time = "2025-08-26T23:33:52.801Z" },
    { url = "https://files.pythonhosted.org/packages/e1/c9/e6e2759423b7ceb1674be83633d66883c028e691a37ef45aea46d1ecd51a/python_sat-1.8.dev20-cp314-cp314t-manylinux2014_x86_64.manylinux_2_17_x86_64.manylinux_2_28_x86_64.whl", hash = "sha256:ea629b8fd640bcc8d5d2812ae8217730057a8629cf4ab69ea97c88fef7177976", size = 2796227, upload-time = "2025-08-26T23:33:55.819Z" },
    { url = "https://files.pythonhosted.org/packages/45/41/f1b0c83e3b40da893053a3fbd9d994d51d409c260de9978059a5d112c765/python_sat-1.8.dev20-cp314-cp314t-manylinux2014_x86_64.manylinux_2_17_x86_64.manylinux_2_34_x86_64.whl", hash = "sha256:64ac9a210807a954091fc28604125b0f5182387ef0cd2cd2890a1004b381d77c", size = 2796226, upload-time = "2025-08-26T23:33:58.696Z" },
    { url = "https://files.pythonhosted.org/packages/22/df/cffb528293cc8ac8a1ae1f9eeae1a2ef5b2edd376a4b6b5da806a54cdce0/python_sat-1.8.dev20-cp314-cp314t-manylinux2014_x86_64.manylinux_2_17_x86_64.whl", hash = "sha256:dcb09c222eafcf497b5cf6ac1b7a1832c4f58989ab6c4924272a6f6484df2fad", size = 2796221, upload-time = "2025-08-26T23:34:01.253Z" },
]

[[package]]
name = "six"
version = "1.17.0"
source = { registry = "https://pypi.org/simple" }
sdist = { url = "https://files.pythonhosted.org/packages/94/e7/b2c673351809dca68a0e064b6af791aa332cf192da575fd474ed7d6f16a2/six-1.17.0.tar.gz", hash = "sha256:ff70335d468e7eb6ec65b95b99d3a2836546063f63acc5171de367e834932a81", size = 34031, upload-time = "2024-12-04T17:35:28.174Z" }
wheels = [
    { url = "https://files.pythonhosted.org/packages/b7/ce/149a00dd41f10bc29e5921b496af8b574d8413afcd5e30dfa0ed46c2cc5e/six-1.17.0-py2.py3-none-any.whl", hash = "sha256:4721f391ed90541fddacab5acf947aa0d3dc7d27b2e1e8eda2be8970586c3274", size = 11050, upload-time = "2024-12-04T17:35:26.475Z" },
]

[[package]]
name = "tuxmake"
version = "1.33.1"
source = { registry = "https://pypi.org/simple" }
sdist = { url = "https://files.pythonhosted.org/packages/3e/e9/8d4c4d41ae6ddd9217c969fcdddb3ccfc4249269bdb6f980485d7d76029c/tuxmake-1.33.1.tar.gz", hash = "sha256:15ada501ac7fd2f163e6b2111335b4a4d6b4fca822c28ea335e1be1a4c92b33e", size = 161694, upload-time = "2025-08-28T09:07:02.953Z" }
wheels = [
    { url = "https://files.pythonhosted.org/packages/ae/4c/dddbd40aaa9468f50965d89e4ac1ab51febeaaaeab593411255b4442f721/tuxmake-1.33.1-py3-none-any.whl", hash = "sha256:8ee93ef9d23ffae05df849c2a1cfbfbb5eb14cb33979800be904c36c1936c95d", size = 78406, upload-time = "2025-08-28T09:06:59.565Z" },
]
